
Microsoft Visual Studio Solution File, Format Version 12.00
# Visual Studio Version 17
VisualStudioVersion = 17.2.32616.157
MinimumVisualStudioVersion = 10.0.40219.1
Project("{FAE04EC0-301F-11D3-BF4B-00C04F79EFBC}") = "InvoicingApp", "InvoicingApp.csproj", "{BFAC8910-2CED-4B34-B90F-CB7F8C1B73F1}"
EndProject
Global
	GlobalSection(SolutionConfigurationPlatforms) = preSolution
		Debug|Any CPU = Debug|Any CPU
		Release|Any CPU = Release|Any CPU
	EndGlobalSection
	GlobalSection(ProjectConfigurationPlatforms) = postSolution
		{BFAC8910-2CED-4B34-B90F-CB7F8C1B73F1}.Debug|Any CPU.ActiveCfg = Debug|Any CPU
		{BFAC8910-2CED-4B34-B90F-CB7F8C1B73F1}.Debug|Any CPU.Build.0 = Debug|Any CPU
		{BFAC8910-2CED-4B34-B90F-CB7F8C1B73F1}.Release|Any CPU.ActiveCfg = Release|Any CPU
		{BFAC8910-2CED-4B34-B90F-CB7F8C1B73F1}.Release|Any CPU.Build.0 = Release|Any CPU
	EndGlobalSection
	GlobalSection(SolutionProperties) = preSolution
		HideSolutionNode = FALSE
	EndGlobalSection
	GlobalSection(ExtensibilityGlobals) = postSolution
		SolutionGuid = {08B0E321-36BA-4439-91C1-F948BA2EEDD9}
	EndGlobalSection
EndGlobal
